
Microsoft Visual Studio Solution File, Format Version 12.00
# Visual Studio Version 17
VisualStudioVersion = 17.0.31717.71
MinimumVisualStudioVersion = 10.0.40219.1
Project("{9A19103F-16F7-4668-BE54-9A1E7A4F7556}") = "Calculator.Tests", "Calculator.Tests\Calculator.Tests.csproj", "{AAA2B572-B939-454C-8041-53BC0737E519}"
EndProject
Project("{6EC3EE1D-3C4E-46DD-8F32-0CC8E7565705}") = "CalculatorF", "CalculatorF\CalculatorF.fsproj", "{788C779C-B88D-4F1A-9B58-44A20D442364}"
EndProject
Project("{FAE04EC0-301F-11D3-BF4B-00C04F79EFBC}") = "FProjRunner", "FProjRunner\FProjRunner.csproj", "{4433C688-51E6-4E01-BCC7-125F7B162C0C}"
EndProject
Global
	GlobalSection(SolutionConfigurationPlatforms) = preSolution
		Debug|Any CPU = Debug|Any CPU
		Release|Any CPU = Release|Any CPU
	EndGlobalSection
	GlobalSection(ProjectConfigurationPlatforms) = postSolution
		{AAA2B572-B939-454C-8041-53BC0737E519}.Debug|Any CPU.ActiveCfg = Debug|Any CPU
		{AAA2B572-B939-454C-8041-53BC0737E519}.Debug|Any CPU.Build.0 = Debug|Any CPU
		{AAA2B572-B939-454C-8041-53BC0737E519}.Release|Any CPU.ActiveCfg = Release|Any CPU
		{AAA2B572-B939-454C-8041-53BC0737E519}.Release|Any CPU.Build.0 = Release|Any CPU
		{788C779C-B88D-4F1A-9B58-44A20D442364}.Debug|Any CPU.ActiveCfg = Debug|Any CPU
		{788C779C-B88D-4F1A-9B58-44A20D442364}.Debug|Any CPU.Build.0 = Debug|Any CPU
		{788C779C-B88D-4F1A-9B58-44A20D442364}.Release|Any CPU.ActiveCfg = Release|Any CPU
		{788C779C-B88D-4F1A-9B58-44A20D442364}.Release|Any CPU.Build.0 = Release|Any CPU
		{4433C688-51E6-4E01-BCC7-125F7B162C0C}.Debug|Any CPU.ActiveCfg = Debug|Any CPU
		{4433C688-51E6-4E01-BCC7-125F7B162C0C}.Debug|Any CPU.Build.0 = Debug|Any CPU
		{4433C688-51E6-4E01-BCC7-125F7B162C0C}.Release|Any CPU.ActiveCfg = Release|Any CPU
		{4433C688-51E6-4E01-BCC7-125F7B162C0C}.Release|Any CPU.Build.0 = Release|Any CPU
	EndGlobalSection
	GlobalSection(SolutionProperties) = preSolution
		HideSolutionNode = FALSE
	EndGlobalSection
	GlobalSection(ExtensibilityGlobals) = postSolution
		SolutionGuid = {B2C20BD4-33C1-4C9B-9134-B7E52E83EB62}
	EndGlobalSection
EndGlobal
